
Microsoft Visual Studio Solution File, Format Version 12.00
# Visual Studio 15
VisualStudioVersion = 15.0.28307.757
MinimumVisualStudioVersion = 10.0.40219.1
Project("{FAE04EC0-301F-11D3-BF4B-00C04F79EFBC}") = "Intersect", "Intersect\Intersect.csproj", "{07EC855D-EEAA-4472-9F81-6C350A8473D8}"
EndProject
Global
	GlobalSection(SolutionConfigurationPlatforms) = preSolution
		Debug|Any CPU = Debug|Any CPU
		Release|Any CPU = Release|Any CPU
	EndGlobalSection
	GlobalSection(ProjectConfigurationPlatforms) = postSolution
		{07EC855D-EEAA-4472-9F81-6C350A8473D8}.Debug|Any CPU.ActiveCfg = Debug|Any CPU
		{07EC855D-EEAA-4472-9F81-6C350A8473D8}.Debug|Any CPU.Build.0 = Debug|Any CPU
		{07EC855D-EEAA-4472-9F81-6C350A8473D8}.Release|Any CPU.ActiveCfg = Release|Any CPU
		{07EC855D-EEAA-4472-9F81-6C350A8473D8}.Release|Any CPU.Build.0 = Release|Any CPU
	EndGlobalSection
	GlobalSection(SolutionProperties) = preSolution
		HideSolutionNode = FALSE
	EndGlobalSection
	GlobalSection(ExtensibilityGlobals) = postSolution
		SolutionGuid = {A0C324FF-69AB-46B3-BAFA-A9B3F0F73975}
	EndGlobalSection
EndGlobal
